
Microsoft Visual Studio Solution File, Format Version 12.00
# Visual Studio Version 16
VisualStudioVersion = 16.0.31321.278
MinimumVisualStudioVersion = 10.0.40219.1
Project("{FAE04EC0-301F-11D3-BF4B-00C04F79EFBC}") = "work2.4", "work2.4\work2.4.csproj", "{EB7C6DAC-7C59-4676-832D-E235FC5B44F2}"
EndProject
Global
	GlobalSection(SolutionConfigurationPlatforms) = preSolution
		Debug|Any CPU = Debug|Any CPU
		Release|Any CPU = Release|Any CPU
	EndGlobalSection
	GlobalSection(ProjectConfigurationPlatforms) = postSolution
		{EB7C6DAC-7C59-4676-832D-E235FC5B44F2}.Debug|Any CPU.ActiveCfg = Debug|Any CPU
		{EB7C6DAC-7C59-4676-832D-E235FC5B44F2}.Debug|Any CPU.Build.0 = Debug|Any CPU
		{EB7C6DAC-7C59-4676-832D-E235FC5B44F2}.Release|Any CPU.ActiveCfg = Release|Any CPU
		{EB7C6DAC-7C59-4676-832D-E235FC5B44F2}.Release|Any CPU.Build.0 = Release|Any CPU
	EndGlobalSection
	GlobalSection(SolutionProperties) = preSolution
		HideSolutionNode = FALSE
	EndGlobalSection
	GlobalSection(ExtensibilityGlobals) = postSolution
		SolutionGuid = {BB475F5A-392A-4109-AC19-940214954EAE}
	EndGlobalSection
EndGlobal
